# This file is autogenerated, do not edit; changes may be undone by the next 'dep ensure'.


[[projects]]
  digest = "1:2e3c336fc7fde5c984d2841455a658a6d626450b1754a854b3b32e7a8f49a07a"
  name = "github.com/google/go-cmp"
  packages = [
    "cmp",
    "cmp/internal/diff",
    "cmp/internal/function",
    "cmp/internal/value",
  ]
  pruneopts = "UT"
  revision = "3af367b6b30c263d47e8895973edcca9a49cf029"
  version = "v0.2.0"

[[projects]]
  digest = "1:86c75d55fde56a814f69515d092963634d6f5f6bc1c3e9091b01fbe373a9546e"
  name = "github.com/k0kubun/pp"
  packages = ["."]
  pruneopts = "UT"
  revision = "3d73dea227e0711e38b911ffa6fbafc8ff6b2991"
  version = "v3.0.1"

[[projects]]
  digest = "1:2fa7b0155cd54479a755c629de26f888a918e13f8857a2c442205d825368e084"
  name = "github.com/mattn/go-colorable"
  packages = ["."]
  pruneopts = "UT"
  revision = "3a70a971f94a22f2fa562ffcc7a0eb45f5daf045"
  version = "v0.1.1"

[[projects]]
  digest = "1:e150b5fafbd7607e2d638e4e5cf43aa4100124e5593385147b0a74e2733d8b0d"
  name = "github.com/mattn/go-isatty"
  packages = ["."]
  pruneopts = "UT"
  revision = "c2a7a6ca930a4cd0bc33a3f298eb71960732a3a7"
  version = "v0.0.7"

[[projects]]
  branch = "master"
  digest = "1:dbe12489f5cb00d492e275a29528c9e336dbe5af75ce366f81c1911faf10733e"
  name = "golang.org/x/sys"
  packages = ["unix"]
  pruneopts = "UT"
  revision = "e8e3143a4f4a00f1fafef0dd82ba78223281b01b"

[solve-meta]
  analyzer-name = "dep"
  analyzer-version = 1
  input-imports = [
    "github.com/google/go-cmp/cmp",
    "github.com/k0kubun/pp",
  ]
  solver-name = "gps-cdcl"
  solver-version = 1
